
Microsoft Visual Studio Solution File, Format Version 12.00
# Visual Studio 15
VisualStudioVersion = 15.0.28307.106
MinimumVisualStudioVersion = 10.0.40219.1
Project("{FAE04EC0-301F-11D3-BF4B-00C04F79EFBC}") = "CO453_ConsoleApp", "CO453_ConsoleApp\CO453_ConsoleApp.csproj", "{5B5AED7D-515C-4113-98C4-CC0DB859F579}"
EndProject
Global
	GlobalSection(SolutionConfigurationPlatforms) = preSolution
		Debug|Any CPU = Debug|Any CPU
		Release|Any CPU = Release|Any CPU
	EndGlobalSection
	GlobalSection(ProjectConfigurationPlatforms) = postSolution
		{5B5AED7D-515C-4113-98C4-CC0DB859F579}.Debug|Any CPU.ActiveCfg = Debug|Any CPU
		{5B5AED7D-515C-4113-98C4-CC0DB859F579}.Debug|Any CPU.Build.0 = Debug|Any CPU
		{5B5AED7D-515C-4113-98C4-CC0DB859F579}.Release|Any CPU.ActiveCfg = Release|Any CPU
		{5B5AED7D-515C-4113-98C4-CC0DB859F579}.Release|Any CPU.Build.0 = Release|Any CPU
	EndGlobalSection
	GlobalSection(SolutionProperties) = preSolution
		HideSolutionNode = FALSE
	EndGlobalSection
	GlobalSection(ExtensibilityGlobals) = postSolution
		SolutionGuid = {30362695-5541-482E-9128-4F07F3FB7FF8}
	EndGlobalSection
EndGlobal
